
Microsoft Visual Studio Solution File, Format Version 12.00
# Visual Studio 14
VisualStudioVersion = 14.0.23107.0
MinimumVisualStudioVersion = 10.0.40219.1
Project("{FAE04EC0-301F-11D3-BF4B-00C04F79EFBC}") = "LearningAspNetMiddleware", "LearningAspNetMiddleware\LearningAspNetMiddleware.csproj", "{444C1F12-8187-46D7-A06B-FB13F1F26746}"
EndProject
Project("{FAE04EC0-301F-11D3-BF4B-00C04F79EFBC}") = "LearningAspNetMiddleware.Tests", "LearningAspNetMiddleware.Tests\LearningAspNetMiddleware.Tests.csproj", "{A318D765-EFBE-441E-A9FF-A9E682B22D5F}"
EndProject
Project("{FAE04EC0-301F-11D3-BF4B-00C04F79EFBC}") = "MyFunkyMiddleware", "MyFunkyMiddleware\MyFunkyMiddleware.csproj", "{7B5E3D74-009E-4E39-B53A-1BA416B9BE5F}"
EndProject
Project("{FAE04EC0-301F-11D3-BF4B-00C04F79EFBC}") = "SimpleJwt", "SimpleJwt\SimpleJwt.csproj", "{94573526-33C3-4999-A11C-CF62A2FA1D78}"
EndProject
Global
	GlobalSection(SolutionConfigurationPlatforms) = preSolution
		Debug|Any CPU = Debug|Any CPU
		Release|Any CPU = Release|Any CPU
	EndGlobalSection
	GlobalSection(ProjectConfigurationPlatforms) = postSolution
		{444C1F12-8187-46D7-A06B-FB13F1F26746}.Debug|Any CPU.ActiveCfg = Debug|Any CPU
		{444C1F12-8187-46D7-A06B-FB13F1F26746}.Debug|Any CPU.Build.0 = Debug|Any CPU
		{444C1F12-8187-46D7-A06B-FB13F1F26746}.Release|Any CPU.ActiveCfg = Release|Any CPU
		{444C1F12-8187-46D7-A06B-FB13F1F26746}.Release|Any CPU.Build.0 = Release|Any CPU
		{A318D765-EFBE-441E-A9FF-A9E682B22D5F}.Debug|Any CPU.ActiveCfg = Debug|Any CPU
		{A318D765-EFBE-441E-A9FF-A9E682B22D5F}.Debug|Any CPU.Build.0 = Debug|Any CPU
		{A318D765-EFBE-441E-A9FF-A9E682B22D5F}.Release|Any CPU.ActiveCfg = Release|Any CPU
		{A318D765-EFBE-441E-A9FF-A9E682B22D5F}.Release|Any CPU.Build.0 = Release|Any CPU
		{7B5E3D74-009E-4E39-B53A-1BA416B9BE5F}.Debug|Any CPU.ActiveCfg = Debug|Any CPU
		{7B5E3D74-009E-4E39-B53A-1BA416B9BE5F}.Debug|Any CPU.Build.0 = Debug|Any CPU
		{7B5E3D74-009E-4E39-B53A-1BA416B9BE5F}.Release|Any CPU.ActiveCfg = Release|Any CPU
		{7B5E3D74-009E-4E39-B53A-1BA416B9BE5F}.Release|Any CPU.Build.0 = Release|Any CPU
		{94573526-33C3-4999-A11C-CF62A2FA1D78}.Debug|Any CPU.ActiveCfg = Debug|Any CPU
		{94573526-33C3-4999-A11C-CF62A2FA1D78}.Debug|Any CPU.Build.0 = Debug|Any CPU
		{94573526-33C3-4999-A11C-CF62A2FA1D78}.Release|Any CPU.ActiveCfg = Release|Any CPU
		{94573526-33C3-4999-A11C-CF62A2FA1D78}.Release|Any CPU.Build.0 = Release|Any CPU
	EndGlobalSection
	GlobalSection(SolutionProperties) = preSolution
		HideSolutionNode = FALSE
	EndGlobalSection
EndGlobal
